{
  "nodes": {
    "nixpkgs": {
      "locked": {
        "lastModified": 1682782578,
        "narHash": "sha256-ACdUvBCLZJWYbfAFL5C62tztOwEqa4vmtACpKO94R5o=",
        "path": "/nix/store/j2g10750p0gr08zxkpgxczwk8r6anacq-source",
        "rev": "da051718a3e5121c9bdb0018ff377ff81a1852b0",
        "revCount": 478809,
        "type": "path"
      },
      "original": {
        "id": "nixpkgs",
        "type": "indirect"
      }
    },
    "root": {
      "inputs": {
        "nixpkgs": "nixpkgs"
      }
    }
  },
  "root": "root",
  "version": 7
}
